
Microsoft Visual Studio Solution File, Format Version 12.00
# Visual Studio 14
VisualStudioVersion = 14.0.25420.1
MinimumVisualStudioVersion = 10.0.40219.1
Project("{FAE04EC0-301F-11D3-BF4B-00C04F79EFBC}") = "Puszczonator3000", "Puszczonator3000\Puszczonator3000.csproj", "{8525E8BB-E1D2-4F94-8AF5-16F7663B8BD4}"
EndProject
Project("{FAE04EC0-301F-11D3-BF4B-00C04F79EFBC}") = "Console", "Console\Console.csproj", "{74113D3E-A9FF-4024-8474-09238E0AE292}"
EndProject
Global
	GlobalSection(SolutionConfigurationPlatforms) = preSolution
		Debug|Any CPU = Debug|Any CPU
		Release|Any CPU = Release|Any CPU
	EndGlobalSection
	GlobalSection(ProjectConfigurationPlatforms) = postSolution
		{8525E8BB-E1D2-4F94-8AF5-16F7663B8BD4}.Debug|Any CPU.ActiveCfg = Debug|Any CPU
		{8525E8BB-E1D2-4F94-8AF5-16F7663B8BD4}.Debug|Any CPU.Build.0 = Debug|Any CPU
		{8525E8BB-E1D2-4F94-8AF5-16F7663B8BD4}.Release|Any CPU.ActiveCfg = Release|Any CPU
		{8525E8BB-E1D2-4F94-8AF5-16F7663B8BD4}.Release|Any CPU.Build.0 = Release|Any CPU
		{74113D3E-A9FF-4024-8474-09238E0AE292}.Debug|Any CPU.ActiveCfg = Debug|Any CPU
		{74113D3E-A9FF-4024-8474-09238E0AE292}.Debug|Any CPU.Build.0 = Debug|Any CPU
		{74113D3E-A9FF-4024-8474-09238E0AE292}.Release|Any CPU.ActiveCfg = Release|Any CPU
		{74113D3E-A9FF-4024-8474-09238E0AE292}.Release|Any CPU.Build.0 = Release|Any CPU
	EndGlobalSection
	GlobalSection(SolutionProperties) = preSolution
		HideSolutionNode = FALSE
	EndGlobalSection
EndGlobal
